
Microsoft Visual Studio Solution File, Format Version 12.00
# Visual Studio Version 17
VisualStudioVersion = 17.5.33627.172
MinimumVisualStudioVersion = 10.0.40219.1
Project("{8BC9CEB8-8B4A-11D0-8D11-00A0C91BC942}") = "lib_nbis", "lib\lib_nbis\lib_nbis.vcxproj", "{4D93A861-8DD8-4B8D-809F-1395525AF3F3}"
EndProject
Project("{8BC9CEB8-8B4A-11D0-8D11-00A0C91BC942}") = "lib_fap50_linux", "lib\lib_fap50_linux\lib_fap50_linux.vcxproj", "{54A7D454-71F0-4C52-B11E-DD85DC986E39}"
	ProjectSection(ProjectDependencies) = postProject
		{65AD8E79-4086-4C9C-BBC8-6346E5866FAB} = {65AD8E79-4086-4C9C-BBC8-6346E5866FAB}
	EndProjectSection
EndProject
Project("{8BC9CEB8-8B4A-11D0-8D11-00A0C91BC942}") = "lib_fap50_windows", "lib\lib_fap50_windows\lib_fap50_windows.vcxproj", "{637F1E1C-CA47-40A2-8C2B-419483FFD563}"
	ProjectSection(ProjectDependencies) = postProject
		{4D93A861-8DD8-4B8D-809F-1395525AF3F3} = {4D93A861-8DD8-4B8D-809F-1395525AF3F3}
	EndProjectSection
EndProject
Project("{8BC9CEB8-8B4A-11D0-8D11-00A0C91BC942}") = "lib_nbis_linux", "lib\lib_nbis\lib_nbis_linux\lib_nbis_linux.vcxproj", "{65AD8E79-4086-4C9C-BBC8-6346E5866FAB}"
EndProject
Project("{8BC9CEB8-8B4A-11D0-8D11-00A0C91BC942}") = "app_linux_console", "app\Linux\linux_console\linux_console.vcxproj", "{13F40DD9-72F1-43DA-B1F0-F19D15660C8B}"
	ProjectSection(ProjectDependencies) = postProject
		{54A7D454-71F0-4C52-B11E-DD85DC986E39} = {54A7D454-71F0-4C52-B11E-DD85DC986E39}
	EndProjectSection
EndProject
Project("{FAE04EC0-301F-11D3-BF4B-00C04F79EFBC}") = "FAP50Demo", "app\Windows\fap50_c#_demo\FAP50Demo.csproj", "{FCAF2020-3D27-4FDF-9289-DAE57F9B2F38}"
	ProjectSection(ProjectDependencies) = postProject
		{637F1E1C-CA47-40A2-8C2B-419483FFD563} = {637F1E1C-CA47-40A2-8C2B-419483FFD563}
	EndProjectSection
EndProject
Project("{8BC9CEB8-8B4A-11D0-8D11-00A0C91BC942}") = "app_fap50_windows", "app\Windows\fap50_sdk_app\fap50_sdk_app.vcxproj", "{E697E346-5E81-42EE-A20C-126BEDFBA578}"
	ProjectSection(ProjectDependencies) = postProject
		{637F1E1C-CA47-40A2-8C2B-419483FFD563} = {637F1E1C-CA47-40A2-8C2B-419483FFD563}
	EndProjectSection
EndProject
Project("{8BC9CEB8-8B4A-11D0-8D11-00A0C91BC942}") = "lib_fap50_android", "lib\lib_fap50_android\lib_fap50_android.vcxproj", "{24FE2409-6819-420C-A33E-2426AFC4667A}"
	ProjectSection(ProjectDependencies) = postProject
		{8042C9AD-442A-4107-949F-01A07D0CB364} = {8042C9AD-442A-4107-949F-01A07D0CB364}
	EndProjectSection
EndProject
Project("{8BC9CEB8-8B4A-11D0-8D11-00A0C91BC942}") = "lib_nbis_android", "lib\lib_nbis\lib_nbis_android\lib_nbis_android.vcxproj", "{8042C9AD-442A-4107-949F-01A07D0CB364}"
EndProject
Project("{2150E333-8FDC-42A3-9474-1A3956D46DE8}") = "Linux", "Linux", "{02EA681E-C7D8-13C7-8484-4AC65E1B71E8}"
EndProject
Project("{2150E333-8FDC-42A3-9474-1A3956D46DE8}") = "Windows", "Windows", "{13FBACDC-FDF9-45DD-BEA7-9B30613481F0}"
EndProject
Project("{2150E333-8FDC-42A3-9474-1A3956D46DE8}") = "Android", "Android", "{54F9CEA0-303D-4BDD-91FB-E3C611CC4F9E}"
EndProject
Global
	GlobalSection(SolutionConfigurationPlatforms) = preSolution
		Debug|Any CPU = Debug|Any CPU
		Debug|ARM64 = Debug|ARM64
		Debug|x64 = Debug|x64
		Debug|x86 = Debug|x86
		Release|Any CPU = Release|Any CPU
		Release|ARM64 = Release|ARM64
		Release|x64 = Release|x64
		Release|x86 = Release|x86
	EndGlobalSection
	GlobalSection(ProjectConfigurationPlatforms) = postSolution
		{4D93A861-8DD8-4B8D-809F-1395525AF3F3}.Debug|Any CPU.ActiveCfg = Debug|x64
		{4D93A861-8DD8-4B8D-809F-1395525AF3F3}.Debug|Any CPU.Build.0 = Debug|x64
		{4D93A861-8DD8-4B8D-809F-1395525AF3F3}.Debug|ARM64.ActiveCfg = Debug|x64
		{4D93A861-8DD8-4B8D-809F-1395525AF3F3}.Debug|ARM64.Build.0 = Debug|x64
		{4D93A861-8DD8-4B8D-809F-1395525AF3F3}.Debug|x64.ActiveCfg = Debug|x64
		{4D93A861-8DD8-4B8D-809F-1395525AF3F3}.Debug|x64.Build.0 = Debug|x64
		{4D93A861-8DD8-4B8D-809F-1395525AF3F3}.Debug|x86.ActiveCfg = Debug|Win32
		{4D93A861-8DD8-4B8D-809F-1395525AF3F3}.Debug|x86.Build.0 = Debug|Win32
		{4D93A861-8DD8-4B8D-809F-1395525AF3F3}.Release|Any CPU.ActiveCfg = Release|x64
		{4D93A861-8DD8-4B8D-809F-1395525AF3F3}.Release|Any CPU.Build.0 = Release|x64
		{4D93A861-8DD8-4B8D-809F-1395525AF3F3}.Release|ARM64.ActiveCfg = Release|x64
		{4D93A861-8DD8-4B8D-809F-1395525AF3F3}.Release|ARM64.Build.0 = Release|x64
		{4D93A861-8DD8-4B8D-809F-1395525AF3F3}.Release|x64.ActiveCfg = Release|x64
		{4D93A861-8DD8-4B8D-809F-1395525AF3F3}.Release|x64.Build.0 = Release|x64
		{4D93A861-8DD8-4B8D-809F-1395525AF3F3}.Release|x86.ActiveCfg = Release|Win32
		{4D93A861-8DD8-4B8D-809F-1395525AF3F3}.Release|x86.Build.0 = Release|Win32
		{54A7D454-71F0-4C52-B11E-DD85DC986E39}.Debug|Any CPU.ActiveCfg = Debug|x64
		{54A7D454-71F0-4C52-B11E-DD85DC986E39}.Debug|Any CPU.Build.0 = Debug|x64
		{54A7D454-71F0-4C52-B11E-DD85DC986E39}.Debug|Any CPU.Deploy.0 = Debug|x64
		{54A7D454-71F0-4C52-B11E-DD85DC986E39}.Debug|ARM64.ActiveCfg = Debug|x64
		{54A7D454-71F0-4C52-B11E-DD85DC986E39}.Debug|ARM64.Build.0 = Debug|x64
		{54A7D454-71F0-4C52-B11E-DD85DC986E39}.Debug|ARM64.Deploy.0 = Debug|x64
		{54A7D454-71F0-4C52-B11E-DD85DC986E39}.Debug|x64.ActiveCfg = Debug|x64
		{54A7D454-71F0-4C52-B11E-DD85DC986E39}.Debug|x64.Build.0 = Debug|x64
		{54A7D454-71F0-4C52-B11E-DD85DC986E39}.Debug|x64.Deploy.0 = Debug|x64
		{54A7D454-71F0-4C52-B11E-DD85DC986E39}.Debug|x86.ActiveCfg = Debug|x86
		{54A7D454-71F0-4C52-B11E-DD85DC986E39}.Debug|x86.Build.0 = Debug|x86
		{54A7D454-71F0-4C52-B11E-DD85DC986E39}.Debug|x86.Deploy.0 = Debug|x86
		{54A7D454-71F0-4C52-B11E-DD85DC986E39}.Release|Any CPU.ActiveCfg = Release|x64
		{54A7D454-71F0-4C52-B11E-DD85DC986E39}.Release|Any CPU.Build.0 = Release|x64
		{54A7D454-71F0-4C52-B11E-DD85DC986E39}.Release|Any CPU.Deploy.0 = Release|x64
		{54A7D454-71F0-4C52-B11E-DD85DC986E39}.Release|ARM64.ActiveCfg = Release|x64
		{54A7D454-71F0-4C52-B11E-DD85DC986E39}.Release|ARM64.Build.0 = Release|x64
		{54A7D454-71F0-4C52-B11E-DD85DC986E39}.Release|ARM64.Deploy.0 = Release|x64
		{54A7D454-71F0-4C52-B11E-DD85DC986E39}.Release|x64.ActiveCfg = Release|x64
		{54A7D454-71F0-4C52-B11E-DD85DC986E39}.Release|x64.Build.0 = Release|x64
		{54A7D454-71F0-4C52-B11E-DD85DC986E39}.Release|x64.Deploy.0 = Release|x64
		{54A7D454-71F0-4C52-B11E-DD85DC986E39}.Release|x86.ActiveCfg = Release|x86
		{54A7D454-71F0-4C52-B11E-DD85DC986E39}.Release|x86.Build.0 = Release|x86
		{54A7D454-71F0-4C52-B11E-DD85DC986E39}.Release|x86.Deploy.0 = Release|x86
		{637F1E1C-CA47-40A2-8C2B-419483FFD563}.Debug|Any CPU.ActiveCfg = Debug|x64
		{637F1E1C-CA47-40A2-8C2B-419483FFD563}.Debug|Any CPU.Build.0 = Debug|x64
		{637F1E1C-CA47-40A2-8C2B-419483FFD563}.Debug|ARM64.ActiveCfg = Debug|x64
		{637F1E1C-CA47-40A2-8C2B-419483FFD563}.Debug|ARM64.Build.0 = Debug|x64
		{637F1E1C-CA47-40A2-8C2B-419483FFD563}.Debug|x64.ActiveCfg = Debug|x64
		{637F1E1C-CA47-40A2-8C2B-419483FFD563}.Debug|x64.Build.0 = Debug|x64
		{637F1E1C-CA47-40A2-8C2B-419483FFD563}.Debug|x86.ActiveCfg = Debug|Win32
		{637F1E1C-CA47-40A2-8C2B-419483FFD563}.Debug|x86.Build.0 = Debug|Win32
		{637F1E1C-CA47-40A2-8C2B-419483FFD563}.Release|Any CPU.ActiveCfg = Release|x64
		{637F1E1C-CA47-40A2-8C2B-419483FFD563}.Release|Any CPU.Build.0 = Release|x64
		{637F1E1C-CA47-40A2-8C2B-419483FFD563}.Release|ARM64.ActiveCfg = Release|x64
		{637F1E1C-CA47-40A2-8C2B-419483FFD563}.Release|ARM64.Build.0 = Release|x64
		{637F1E1C-CA47-40A2-8C2B-419483FFD563}.Release|x64.ActiveCfg = Release|x64
		{637F1E1C-CA47-40A2-8C2B-419483FFD563}.Release|x64.Build.0 = Release|x64
		{637F1E1C-CA47-40A2-8C2B-419483FFD563}.Release|x86.ActiveCfg = Release|Win32
		{637F1E1C-CA47-40A2-8C2B-419483FFD563}.Release|x86.Build.0 = Release|Win32
		{65AD8E79-4086-4C9C-BBC8-6346E5866FAB}.Debug|Any CPU.ActiveCfg = Debug|x64
		{65AD8E79-4086-4C9C-BBC8-6346E5866FAB}.Debug|Any CPU.Build.0 = Debug|x64
		{65AD8E79-4086-4C9C-BBC8-6346E5866FAB}.Debug|Any CPU.Deploy.0 = Debug|x64
		{65AD8E79-4086-4C9C-BBC8-6346E5866FAB}.Debug|ARM64.ActiveCfg = Debug|x64
		{65AD8E79-4086-4C9C-BBC8-6346E5866FAB}.Debug|ARM64.Build.0 = Debug|x64
		{65AD8E79-4086-4C9C-BBC8-6346E5866FAB}.Debug|ARM64.Deploy.0 = Debug|x64
		{65AD8E79-4086-4C9C-BBC8-6346E5866FAB}.Debug|x64.ActiveCfg = Debug|x64
		{65AD8E79-4086-4C9C-BBC8-6346E5866FAB}.Debug|x64.Build.0 = Debug|x64
		{65AD8E79-4086-4C9C-BBC8-6346E5866FAB}.Debug|x64.Deploy.0 = Debug|x64
		{65AD8E79-4086-4C9C-BBC8-6346E5866FAB}.Debug|x86.ActiveCfg = Debug|x86
		{65AD8E79-4086-4C9C-BBC8-6346E5866FAB}.Debug|x86.Build.0 = Debug|x86
		{65AD8E79-4086-4C9C-BBC8-6346E5866FAB}.Debug|x86.Deploy.0 = Debug|x86
		{65AD8E79-4086-4C9C-BBC8-6346E5866FAB}.Release|Any CPU.ActiveCfg = Release|x64
		{65AD8E79-4086-4C9C-BBC8-6346E5866FAB}.Release|Any CPU.Build.0 = Release|x64
		{65AD8E79-4086-4C9C-BBC8-6346E5866FAB}.Release|Any CPU.Deploy.0 = Release|x64
		{65AD8E79-4086-4C9C-BBC8-6346E5866FAB}.Release|ARM64.ActiveCfg = Release|x64
		{65AD8E79-4086-4C9C-BBC8-6346E5866FAB}.Release|ARM64.Build.0 = Release|x64
		{65AD8E79-4086-4C9C-BBC8-6346E5866FAB}.Release|ARM64.Deploy.0 = Release|x64
		{65AD8E79-4086-4C9C-BBC8-6346E5866FAB}.Release|x64.ActiveCfg = Release|x64
		{65AD8E79-4086-4C9C-BBC8-6346E5866FAB}.Release|x64.Build.0 = Release|x64
		{65AD8E79-4086-4C9C-BBC8-6346E5866FAB}.Release|x64.Deploy.0 = Release|x64
		{65AD8E79-4086-4C9C-BBC8-6346E5866FAB}.Release|x86.ActiveCfg = Release|x86
		{65AD8E79-4086-4C9C-BBC8-6346E5866FAB}.Release|x86.Build.0 = Release|x86
		{65AD8E79-4086-4C9C-BBC8-6346E5866FAB}.Release|x86.Deploy.0 = Release|x86
		{13F40DD9-72F1-43DA-B1F0-F19D15660C8B}.Debug|Any CPU.ActiveCfg = Debug|x64
		{13F40DD9-72F1-43DA-B1F0-F19D15660C8B}.Debug|Any CPU.Build.0 = Debug|x64
		{13F40DD9-72F1-43DA-B1F0-F19D15660C8B}.Debug|Any CPU.Deploy.0 = Debug|x64
		{13F40DD9-72F1-43DA-B1F0-F19D15660C8B}.Debug|ARM64.ActiveCfg = Debug|x64
		{13F40DD9-72F1-43DA-B1F0-F19D15660C8B}.Debug|ARM64.Build.0 = Debug|x64
		{13F40DD9-72F1-43DA-B1F0-F19D15660C8B}.Debug|ARM64.Deploy.0 = Debug|x64
		{13F40DD9-72F1-43DA-B1F0-F19D15660C8B}.Debug|x64.ActiveCfg = Debug|x64
		{13F40DD9-72F1-43DA-B1F0-F19D15660C8B}.Debug|x64.Build.0 = Debug|x64
		{13F40DD9-72F1-43DA-B1F0-F19D15660C8B}.Debug|x64.Deploy.0 = Debug|x64
		{13F40DD9-72F1-43DA-B1F0-F19D15660C8B}.Debug|x86.ActiveCfg = Debug|x86
		{13F40DD9-72F1-43DA-B1F0-F19D15660C8B}.Debug|x86.Build.0 = Debug|x86
		{13F40DD9-72F1-43DA-B1F0-F19D15660C8B}.Debug|x86.Deploy.0 = Debug|x86
		{13F40DD9-72F1-43DA-B1F0-F19D15660C8B}.Release|Any CPU.ActiveCfg = Release|x64
		{13F40DD9-72F1-43DA-B1F0-F19D15660C8B}.Release|Any CPU.Build.0 = Release|x64
		{13F40DD9-72F1-43DA-B1F0-F19D15660C8B}.Release|Any CPU.Deploy.0 = Release|x64
		{13F40DD9-72F1-43DA-B1F0-F19D15660C8B}.Release|ARM64.ActiveCfg = Release|x64
		{13F40DD9-72F1-43DA-B1F0-F19D15660C8B}.Release|ARM64.Build.0 = Release|x64
		{13F40DD9-72F1-43DA-B1F0-F19D15660C8B}.Release|ARM64.Deploy.0 = Release|x64
		{13F40DD9-72F1-43DA-B1F0-F19D15660C8B}.Release|x64.ActiveCfg = Release|x64
		{13F40DD9-72F1-43DA-B1F0-F19D15660C8B}.Release|x64.Build.0 = Release|x64
		{13F40DD9-72F1-43DA-B1F0-F19D15660C8B}.Release|x64.Deploy.0 = Release|x64
		{13F40DD9-72F1-43DA-B1F0-F19D15660C8B}.Release|x86.ActiveCfg = Release|x86
		{13F40DD9-72F1-43DA-B1F0-F19D15660C8B}.Release|x86.Build.0 = Release|x86
		{13F40DD9-72F1-43DA-B1F0-F19D15660C8B}.Release|x86.Deploy.0 = Release|x86
		{FCAF2020-3D27-4FDF-9289-DAE57F9B2F38}.Debug|Any CPU.ActiveCfg = Debug|Any CPU
		{FCAF2020-3D27-4FDF-9289-DAE57F9B2F38}.Debug|Any CPU.Build.0 = Debug|Any CPU
		{FCAF2020-3D27-4FDF-9289-DAE57F9B2F38}.Debug|ARM64.ActiveCfg = Debug|Any CPU
		{FCAF2020-3D27-4FDF-9289-DAE57F9B2F38}.Debug|ARM64.Build.0 = Debug|Any CPU
		{FCAF2020-3D27-4FDF-9289-DAE57F9B2F38}.Debug|x64.ActiveCfg = Debug|Any CPU
		{FCAF2020-3D27-4FDF-9289-DAE57F9B2F38}.Debug|x64.Build.0 = Debug|Any CPU
		{FCAF2020-3D27-4FDF-9289-DAE57F9B2F38}.Debug|x86.ActiveCfg = Debug|Any CPU
		{FCAF2020-3D27-4FDF-9289-DAE57F9B2F38}.Debug|x86.Build.0 = Debug|Any CPU
		{FCAF2020-3D27-4FDF-9289-DAE57F9B2F38}.Release|Any CPU.ActiveCfg = Release|Any CPU
		{FCAF2020-3D27-4FDF-9289-DAE57F9B2F38}.Release|Any CPU.Build.0 = Release|Any CPU
		{FCAF2020-3D27-4FDF-9289-DAE57F9B2F38}.Release|ARM64.ActiveCfg = Release|Any CPU
		{FCAF2020-3D27-4FDF-9289-DAE57F9B2F38}.Release|ARM64.Build.0 = Release|Any CPU
		{FCAF2020-3D27-4FDF-9289-DAE57F9B2F38}.Release|x64.ActiveCfg = Release|Any CPU
		{FCAF2020-3D27-4FDF-9289-DAE57F9B2F38}.Release|x64.Build.0 = Release|Any CPU
		{FCAF2020-3D27-4FDF-9289-DAE57F9B2F38}.Release|x86.ActiveCfg = Release|Any CPU
		{FCAF2020-3D27-4FDF-9289-DAE57F9B2F38}.Release|x86.Build.0 = Release|Any CPU
		{E697E346-5E81-42EE-A20C-126BEDFBA578}.Debug|Any CPU.ActiveCfg = Debug|x64
		{E697E346-5E81-42EE-A20C-126BEDFBA578}.Debug|Any CPU.Build.0 = Debug|x64
		{E697E346-5E81-42EE-A20C-126BEDFBA578}.Debug|ARM64.ActiveCfg = Debug|x64
		{E697E346-5E81-42EE-A20C-126BEDFBA578}.Debug|ARM64.Build.0 = Debug|x64
		{E697E346-5E81-42EE-A20C-126BEDFBA578}.Debug|x64.ActiveCfg = Debug|x64
		{E697E346-5E81-42EE-A20C-126BEDFBA578}.Debug|x64.Build.0 = Debug|x64
		{E697E346-5E81-42EE-A20C-126BEDFBA578}.Debug|x86.ActiveCfg = Debug|Win32
		{E697E346-5E81-42EE-A20C-126BEDFBA578}.Debug|x86.Build.0 = Debug|Win32
		{E697E346-5E81-42EE-A20C-126BEDFBA578}.Release|Any CPU.ActiveCfg = Release|x64
		{E697E346-5E81-42EE-A20C-126BEDFBA578}.Release|Any CPU.Build.0 = Release|x64
		{E697E346-5E81-42EE-A20C-126BEDFBA578}.Release|ARM64.ActiveCfg = Release|x64
		{E697E346-5E81-42EE-A20C-126BEDFBA578}.Release|ARM64.Build.0 = Release|x64
		{E697E346-5E81-42EE-A20C-126BEDFBA578}.Release|x64.ActiveCfg = Release|x64
		{E697E346-5E81-42EE-A20C-126BEDFBA578}.Release|x64.Build.0 = Release|x64
		{E697E346-5E81-42EE-A20C-126BEDFBA578}.Release|x86.ActiveCfg = Release|Win32
		{E697E346-5E81-42EE-A20C-126BEDFBA578}.Release|x86.Build.0 = Release|Win32
		{24FE2409-6819-420C-A33E-2426AFC4667A}.Debug|Any CPU.ActiveCfg = Debug|x64
		{24FE2409-6819-420C-A33E-2426AFC4667A}.Debug|Any CPU.Build.0 = Debug|x64
		{24FE2409-6819-420C-A33E-2426AFC4667A}.Debug|ARM64.ActiveCfg = Debug|x64
		{24FE2409-6819-420C-A33E-2426AFC4667A}.Debug|ARM64.Build.0 = Debug|x64
		{24FE2409-6819-420C-A33E-2426AFC4667A}.Debug|x64.ActiveCfg = Debug|x64
		{24FE2409-6819-420C-A33E-2426AFC4667A}.Debug|x64.Build.0 = Debug|x64
		{24FE2409-6819-420C-A33E-2426AFC4667A}.Debug|x86.ActiveCfg = Debug|x86
		{24FE2409-6819-420C-A33E-2426AFC4667A}.Debug|x86.Build.0 = Debug|x86
		{24FE2409-6819-420C-A33E-2426AFC4667A}.Release|Any CPU.ActiveCfg = Release|x64
		{24FE2409-6819-420C-A33E-2426AFC4667A}.Release|Any CPU.Build.0 = Release|x64
		{24FE2409-6819-420C-A33E-2426AFC4667A}.Release|ARM64.ActiveCfg = Release|ARM64
		{24FE2409-6819-420C-A33E-2426AFC4667A}.Release|ARM64.Build.0 = Release|ARM64
		{24FE2409-6819-420C-A33E-2426AFC4667A}.Release|x64.ActiveCfg = Release|ARM64
		{24FE2409-6819-420C-A33E-2426AFC4667A}.Release|x64.Build.0 = Release|ARM64
		{24FE2409-6819-420C-A33E-2426AFC4667A}.Release|x86.ActiveCfg = Release|x86
		{24FE2409-6819-420C-A33E-2426AFC4667A}.Release|x86.Build.0 = Release|x86
		{8042C9AD-442A-4107-949F-01A07D0CB364}.Debug|Any CPU.ActiveCfg = Debug|x64
		{8042C9AD-442A-4107-949F-01A07D0CB364}.Debug|Any CPU.Build.0 = Debug|x64
		{8042C9AD-442A-4107-949F-01A07D0CB364}.Debug|ARM64.ActiveCfg = Debug|ARM64
		{8042C9AD-442A-4107-949F-01A07D0CB364}.Debug|ARM64.Build.0 = Debug|ARM64
		{8042C9AD-442A-4107-949F-01A07D0CB364}.Debug|x64.ActiveCfg = Debug|x64
		{8042C9AD-442A-4107-949F-01A07D0CB364}.Debug|x64.Build.0 = Debug|x64
		{8042C9AD-442A-4107-949F-01A07D0CB364}.Debug|x86.ActiveCfg = Debug|x86
		{8042C9AD-442A-4107-949F-01A07D0CB364}.Debug|x86.Build.0 = Debug|x86
		{8042C9AD-442A-4107-949F-01A07D0CB364}.Release|Any CPU.ActiveCfg = Release|x64
		{8042C9AD-442A-4107-949F-01A07D0CB364}.Release|Any CPU.Build.0 = Release|x64
		{8042C9AD-442A-4107-949F-01A07D0CB364}.Release|ARM64.ActiveCfg = Release|ARM64
		{8042C9AD-442A-4107-949F-01A07D0CB364}.Release|ARM64.Build.0 = Release|ARM64
		{8042C9AD-442A-4107-949F-01A07D0CB364}.Release|x64.ActiveCfg = Release|ARM64
		{8042C9AD-442A-4107-949F-01A07D0CB364}.Release|x64.Build.0 = Release|ARM64
		{8042C9AD-442A-4107-949F-01A07D0CB364}.Release|x86.ActiveCfg = Release|x86
		{8042C9AD-442A-4107-949F-01A07D0CB364}.Release|x86.Build.0 = Release|x86
	EndGlobalSection
	GlobalSection(SolutionProperties) = preSolution
		HideSolutionNode = FALSE
	EndGlobalSection
	GlobalSection(NestedProjects) = preSolution
		{4D93A861-8DD8-4B8D-809F-1395525AF3F3} = {13FBACDC-FDF9-45DD-BEA7-9B30613481F0}
		{54A7D454-71F0-4C52-B11E-DD85DC986E39} = {02EA681E-C7D8-13C7-8484-4AC65E1B71E8}
		{637F1E1C-CA47-40A2-8C2B-419483FFD563} = {13FBACDC-FDF9-45DD-BEA7-9B30613481F0}
		{65AD8E79-4086-4C9C-BBC8-6346E5866FAB} = {02EA681E-C7D8-13C7-8484-4AC65E1B71E8}
		{13F40DD9-72F1-43DA-B1F0-F19D15660C8B} = {02EA681E-C7D8-13C7-8484-4AC65E1B71E8}
		{FCAF2020-3D27-4FDF-9289-DAE57F9B2F38} = {13FBACDC-FDF9-45DD-BEA7-9B30613481F0}
		{E697E346-5E81-42EE-A20C-126BEDFBA578} = {13FBACDC-FDF9-45DD-BEA7-9B30613481F0}
		{24FE2409-6819-420C-A33E-2426AFC4667A} = {54F9CEA0-303D-4BDD-91FB-E3C611CC4F9E}
		{8042C9AD-442A-4107-949F-01A07D0CB364} = {54F9CEA0-303D-4BDD-91FB-E3C611CC4F9E}
	EndGlobalSection
	GlobalSection(ExtensibilityGlobals) = postSolution
		SolutionGuid = {961EB9AB-E4E0-4658-A052-68EBAB54DB99}
	EndGlobalSection
EndGlobal
